
Microsoft Visual Studio Solution File, Format Version 12.00
# Visual Studio Version 16
VisualStudioVersion = 16.0.30907.101
MinimumVisualStudioVersion = 10.0.40219.1
Project("{FAE04EC0-301F-11D3-BF4B-00C04F79EFBC}") = "AlphaBIMWPF", "AlphaBIMWPF.csproj", "{08C76B8F-998F-4FF2-8876-1BB57ECBA800}"
EndProject
Global
	GlobalSection(SolutionConfigurationPlatforms) = preSolution
		Debug|Any CPU = Debug|Any CPU
		Release|Any CPU = Release|Any CPU
	EndGlobalSection
	GlobalSection(ProjectConfigurationPlatforms) = postSolution
		{08C76B8F-998F-4FF2-8876-1BB57ECBA800}.Debug|Any CPU.ActiveCfg = Debug|Any CPU
		{08C76B8F-998F-4FF2-8876-1BB57ECBA800}.Debug|Any CPU.Build.0 = Debug|Any CPU
		{08C76B8F-998F-4FF2-8876-1BB57ECBA800}.Release|Any CPU.ActiveCfg = Release|Any CPU
		{08C76B8F-998F-4FF2-8876-1BB57ECBA800}.Release|Any CPU.Build.0 = Release|Any CPU
	EndGlobalSection
	GlobalSection(SolutionProperties) = preSolution
		HideSolutionNode = FALSE
	EndGlobalSection
	GlobalSection(ExtensibilityGlobals) = postSolution
		SolutionGuid = {3006D43B-E465-4B80-930A-BE5D1C41658B}
	EndGlobalSection
EndGlobal
